{
  "object": {
    "pins": [
      {
        "package": "BandikaSwiftBase",
        "repositoryURL": "https://github.com/mr-elbe5/BandikaSwiftBase",
        "state": {
          "branch": null,
          "revision": "1f788907dfea8ea2097f5f78ef21f3a83852732a",
          "version": "1.1.35"
        }
      },
      {
        "package": "swift-crypto",
        "repositoryURL": "https://github.com/apple/swift-crypto",
        "state": {
          "branch": null,
          "revision": "3bea268b223651c4ab7b7b9ad62ef9b2d4143eb6",
          "version": "1.1.6"
        }
      },
      {
        "package": "swift-nio",
        "repositoryURL": "https://github.com/apple/swift-nio.git",
        "state": {
          "branch": null,
          "revision": "6d3ca7e54e06a69d0f2612c2ce8bb8b7319085a4",
          "version": "2.26.0"
        }
      },
      {
        "package": "SwiftyDataExtensions",
        "repositoryURL": "https://github.com/mr-elbe5/SwiftyDataExtensions",
        "state": {
          "branch": null,
          "revision": "2c595621cb7c7b5aa2d6a467c526056215f9fb04",
          "version": "1.1.0"
        }
      },
      {
        "package": "SwiftyHttpServer",
        "repositoryURL": "https://github.com/mr-elbe5/SwiftyHttpServer",
        "state": {
          "branch": null,
          "revision": "abafc28e367f3e76e253cbf2aa3eef995a0217e9",
          "version": "1.1.20"
        }
      },
      {
        "package": "SwiftyLog",
        "repositoryURL": "https://github.com/mr-elbe5/SwiftyLog",
        "state": {
          "branch": null,
          "revision": "0b1485976c71620ed19b07bafe71af757c5e3424",
          "version": "1.1.1"
        }
      },
      {
        "package": "SwiftyMacViewExtensions",
        "repositoryURL": "https://github.com/mr-elbe5/SwiftyMacViewExtensions",
        "state": {
          "branch": null,
          "revision": "56d3dfa63b9ecf8601dae15348a9290109106d1e",
          "version": "1.0.0"
        }
      },
      {
        "package": "SwiftyStringExtensions",
        "repositoryURL": "https://github.com/mr-elbe5/SwiftyStringExtensions",
        "state": {
          "branch": null,
          "revision": "53b7f6b51030b8f8c9338f71a76eb1c27bf56739",
          "version": "1.1.0"
        }
      }
    ]
  },
  "version": 1
}
